
Microsoft Visual Studio Solution File, Format Version 12.00
# Visual Studio Version 16
VisualStudioVersion = 16.0.34729.46
MinimumVisualStudioVersion = 10.0.40219.1
Project("{FAE04EC0-301F-11D3-BF4B-00C04F79EFBC}") = "CitrixScanning", "CitrixScanning/CitrixScanning.csproj", "{09AD40E3-93B8-4FB2-8126-C97A92F98F3D}"
EndProject
Project("{2150E333-8FDC-42A3-9474-1A3956D46DE8}") = "Solution Items", "Solution Items", "{79194B4B-7852-4925-A49E-F3FD2719D6F4}"
	ProjectSection(SolutionItems) = preProject
		README.md = README.md
	EndProjectSection
EndProject
Global
	GlobalSection(SolutionConfigurationPlatforms) = preSolution
		Debug|Any CPU = Debug|Any CPU
		Release|Any CPU = Release|Any CPU
	EndGlobalSection
	GlobalSection(ProjectConfigurationPlatforms) = postSolution
		{09AD40E3-93B8-4FB2-8126-C97A92F98F3D}.Debug|Any CPU.ActiveCfg = Debug|Any CPU
		{09AD40E3-93B8-4FB2-8126-C97A92F98F3D}.Debug|Any CPU.Build.0 = Debug|Any CPU
		{09AD40E3-93B8-4FB2-8126-C97A92F98F3D}.Release|Any CPU.ActiveCfg = Release|Any CPU
		{09AD40E3-93B8-4FB2-8126-C97A92F98F3D}.Release|Any CPU.Build.0 = Release|Any CPU
	EndGlobalSection
	GlobalSection(SolutionProperties) = preSolution
		HideSolutionNode = FALSE
	EndGlobalSection
	GlobalSection(ExtensibilityGlobals) = postSolution
		SolutionGuid = {6C39D557-B18D-4F15-B2A6-2D165C8EB221}
	EndGlobalSection
EndGlobal
